
Microsoft Visual Studio Solution File, Format Version 12.00
# Visual Studio Version 17
VisualStudioVersion = 17.4.33110.190
MinimumVisualStudioVersion = 10.0.40219.1
Project("{FAE04EC0-301F-11D3-BF4B-00C04F79EFBC}") = "SeleniumWithCsharpForMe", "SeleniumWithCsharpForMe\SeleniumWithCsharpForMe.csproj", "{FEE3E452-BA0D-4FF1-9E62-49B7170DE640}"
EndProject
Global
	GlobalSection(SolutionConfigurationPlatforms) = preSolution
		Debug|Any CPU = Debug|Any CPU
		Release|Any CPU = Release|Any CPU
	EndGlobalSection
	GlobalSection(ProjectConfigurationPlatforms) = postSolution
		{FEE3E452-BA0D-4FF1-9E62-49B7170DE640}.Debug|Any CPU.ActiveCfg = Debug|Any CPU
		{FEE3E452-BA0D-4FF1-9E62-49B7170DE640}.Debug|Any CPU.Build.0 = Debug|Any CPU
		{FEE3E452-BA0D-4FF1-9E62-49B7170DE640}.Release|Any CPU.ActiveCfg = Release|Any CPU
		{FEE3E452-BA0D-4FF1-9E62-49B7170DE640}.Release|Any CPU.Build.0 = Release|Any CPU
	EndGlobalSection
	GlobalSection(SolutionProperties) = preSolution
		HideSolutionNode = FALSE
	EndGlobalSection
	GlobalSection(ExtensibilityGlobals) = postSolution
		SolutionGuid = {0BA9BD8E-65F9-4159-988B-6E7320B57039}
	EndGlobalSection
EndGlobal
